{
  "name": "robotic-arm",
  "version": "1.0.0",
  "lockfileVersion": 3,
  "requires": true,
  "packages": {
    "": {
      "name": "robotic-arm",
      "version": "1.0.0",
      "license": "ISC",
      "dependencies": {
        "gl-matrix": "^3.4.3",
        "robotic-arm": "file:"
      },
      "devDependencies": {
        "typescript": "^5.6.3"
      }
    },
    "node_modules/gl-matrix": {
      "version": "3.4.3",
      "resolved": "https://registry.npmjs.org/gl-matrix/-/gl-matrix-3.4.3.tgz",
      "integrity": "sha512-wcCp8vu8FT22BnvKVPjXa/ICBWRq/zjFfdofZy1WSpQZpphblv12/bOQLBC1rMM7SGOFS9ltVmKOHil5+Ml7gA==",
      "license": "MIT"
    },
    "node_modules/robotic-arm": {
      "resolved": "",
      "link": true
    },
    "node_modules/typescript": {
      "version": "5.6.3",
      "resolved": "https://registry.npmjs.org/typescript/-/typescript-5.6.3.tgz",
      "integrity": "sha512-hjcS1mhfuyi4WW8IWtjP7brDrG2cuDZukyrYrSauoXGNgx0S7zceP07adYkJycEr56BOUTNPzbInooiN3fn1qw==",
      "dev": true,
      "license": "Apache-2.0",
      "bin": {
        "tsc": "bin/tsc",
        "tsserver": "bin/tsserver"
      },
      "engines": {
        "node": ">=14.17"
      }
    }
  }
}
